
Microsoft Visual Studio Solution File, Format Version 12.00
# Visual Studio Version 17
VisualStudioVersion = 17.1.32210.238
MinimumVisualStudioVersion = 10.0.40219.1
Project("{FAE04EC0-301F-11D3-BF4B-00C04F79EFBC}") = "ConsoleApp4", "ConsoleApp4\ConsoleApp4.csproj", "{CBB0F8D0-60D1-4D57-9CEB-3C8C6D9AF006}"
EndProject
Global
	GlobalSection(SolutionConfigurationPlatforms) = preSolution
		Debug|Any CPU = Debug|Any CPU
		Release|Any CPU = Release|Any CPU
	EndGlobalSection
	GlobalSection(ProjectConfigurationPlatforms) = postSolution
		{CBB0F8D0-60D1-4D57-9CEB-3C8C6D9AF006}.Debug|Any CPU.ActiveCfg = Debug|Any CPU
		{CBB0F8D0-60D1-4D57-9CEB-3C8C6D9AF006}.Debug|Any CPU.Build.0 = Debug|Any CPU
		{CBB0F8D0-60D1-4D57-9CEB-3C8C6D9AF006}.Release|Any CPU.ActiveCfg = Release|Any CPU
		{CBB0F8D0-60D1-4D57-9CEB-3C8C6D9AF006}.Release|Any CPU.Build.0 = Release|Any CPU
	EndGlobalSection
	GlobalSection(SolutionProperties) = preSolution
		HideSolutionNode = FALSE
	EndGlobalSection
	GlobalSection(ExtensibilityGlobals) = postSolution
		SolutionGuid = {FDEA0B6F-C76D-422D-BD49-72A4B00D5E43}
	EndGlobalSection
EndGlobal
