
Microsoft Visual Studio Solution File, Format Version 12.00
# Visual Studio Version 17
VisualStudioVersion = 17.1.32210.238
MinimumVisualStudioVersion = 10.0.40219.1
Project("{FAE04EC0-301F-11D3-BF4B-00C04F79EFBC}") = "ConsoleApp3", "ConsoleApp3\ConsoleApp3.csproj", "{36BA2B19-01BF-4B07-ACA8-DC405FFF4855}"
EndProject
Global
	GlobalSection(SolutionConfigurationPlatforms) = preSolution
		Debug|Any CPU = Debug|Any CPU
		Release|Any CPU = Release|Any CPU
	EndGlobalSection
	GlobalSection(ProjectConfigurationPlatforms) = postSolution
		{36BA2B19-01BF-4B07-ACA8-DC405FFF4855}.Debug|Any CPU.ActiveCfg = Debug|Any CPU
		{36BA2B19-01BF-4B07-ACA8-DC405FFF4855}.Debug|Any CPU.Build.0 = Debug|Any CPU
		{36BA2B19-01BF-4B07-ACA8-DC405FFF4855}.Release|Any CPU.ActiveCfg = Release|Any CPU
		{36BA2B19-01BF-4B07-ACA8-DC405FFF4855}.Release|Any CPU.Build.0 = Release|Any CPU
	EndGlobalSection
	GlobalSection(SolutionProperties) = preSolution
		HideSolutionNode = FALSE
	EndGlobalSection
	GlobalSection(ExtensibilityGlobals) = postSolution
		SolutionGuid = {712A9560-D512-47E8-B635-4245D7E31929}
	EndGlobalSection
EndGlobal
